
Microsoft Visual Studio Solution File, Format Version 12.00
# Visual Studio 15
VisualStudioVersion = 15.0.28010.2003
MinimumVisualStudioVersion = 10.0.40219.1
Project("{FAE04EC0-301F-11D3-BF4B-00C04F79EFBC}") = "LCRApp", "LCRApp\LCRApp.csproj", "{080C4065-3E0B-472F-88D5-18DDE817BAF9}"
EndProject
Global
	GlobalSection(SolutionConfigurationPlatforms) = preSolution
		Debug|Any CPU = Debug|Any CPU
		Release|Any CPU = Release|Any CPU
	EndGlobalSection
	GlobalSection(ProjectConfigurationPlatforms) = postSolution
		{080C4065-3E0B-472F-88D5-18DDE817BAF9}.Debug|Any CPU.ActiveCfg = Debug|Any CPU
		{080C4065-3E0B-472F-88D5-18DDE817BAF9}.Debug|Any CPU.Build.0 = Debug|Any CPU
		{080C4065-3E0B-472F-88D5-18DDE817BAF9}.Release|Any CPU.ActiveCfg = Release|Any CPU
		{080C4065-3E0B-472F-88D5-18DDE817BAF9}.Release|Any CPU.Build.0 = Release|Any CPU
	EndGlobalSection
	GlobalSection(SolutionProperties) = preSolution
		HideSolutionNode = FALSE
	EndGlobalSection
	GlobalSection(ExtensibilityGlobals) = postSolution
		SolutionGuid = {B1659730-4200-4BA0-9D83-73323FF7AB63}
	EndGlobalSection
EndGlobal
